{
  "name": "accounts",
  "version": "0.0.1",
  "lockfileVersion": 1,
  "requires": true,
  "dependencies": {
    "@types/node": {
      "version": "8.10.52",
      "resolved": "https://registry.npmjs.org/@types/node/-/node-8.10.52.tgz",
      "integrity": "sha512-2RbW7WXeLex6RI+kQSxq6Ym0GiVcODeQ4Km7MnnTX5BHdOGQnqVa+s6AUmAW+OFYAJ8wv9QxvNZXm7/kBdGTVw=="
    },
    "typescript": {
      "version": "3.5.3",
      "resolved": "https://registry.npmjs.org/typescript/-/typescript-3.5.3.tgz",
      "integrity": "sha512-ACzBtm/PhXBDId6a6sDJfroT2pOWt/oOnk4/dElG5G33ZL776N3Y6/6bKZJBFpd+b05F3Ct9qDjMeJmRWtE2/g=="
    }
  }
}
